// !$*UTF8*$!
{
	archiveVersion = 1;
	classes = {
	};
	objectVersion = 46;
	objects = {

/* Begin PBXBuildFile section */
		1C4324781F95A1AD006C2DEF /* GlobalFunc.swift in Sources */ = {isa = PBXBuildFile; fileRef = 1C4324771F95A1AD006C2DEF /* GlobalFunc.swift */; };
		1C43247A1F95A935006C2DEF /* GlobalDefinition.swift in Sources */ = {isa = PBXBuildFile; fileRef = 1C4324791F95A935006C2DEF /* GlobalDefinition.swift */; };
		1C43247F1F95B413006C2DEF /* RootTabBar.swift in Sources */ = {isa = PBXBuildFile; fileRef = 1C43247E1F95B413006C2DEF /* RootTabBar.swift */; };
		1C4324811F95B422006C2DEF /* RootTabBar.xib in Resources */ = {isa = PBXBuildFile; fileRef = 1C4324801F95B422006C2DEF /* RootTabBar.xib */; };
		1CB245C11F9885C900F92D29 /* SegmentContentView.swift in Sources */ = {isa = PBXBuildFile; fileRef = 1CB245C01F9885C900F92D29 /* SegmentContentView.swift */; };
		1CB245C31F98898600F92D29 /* RecommendController.swift in Sources */ = {isa = PBXBuildFile; fileRef = 1CB245C21F98898600F92D29 /* RecommendController.swift */; };
		1CB245C51F9889B200F92D29 /* VideoController.swift in Sources */ = {isa = PBXBuildFile; fileRef = 1CB245C41F9889B200F92D29 /* VideoController.swift */; };
		1CB245C71F9889E400F92D29 /* HotGameController.swift in Sources */ = {isa = PBXBuildFile; fileRef = 1CB245C61F9889E400F92D29 /* HotGameController.swift */; };
		1CB245C91F988A5000F92D29 /* FoundController.swift in Sources */ = {isa = PBXBuildFile; fileRef = 1CB245C81F988A5000F92D29 /* FoundController.swift */; };
		1CB245CB1F988A7100F92D29 /* LocalCityController.swift in Sources */ = {isa = PBXBuildFile; fileRef = 1CB245CA1F988A7100F92D29 /* LocalCityController.swift */; };
		1CE7F8B41F99A85800AB94DF /* RecommendHeaderSectionController.swift in Sources */ = {isa = PBXBuildFile; fileRef = 1CE7F8B31F99A85800AB94DF /* RecommendHeaderSectionController.swift */; };
		1CE7F8B81F99AA2E00AB94DF /* RecommdedHeaderCell.swift in Sources */ = {isa = PBXBuildFile; fileRef = 1CE7F8B61F99AA2E00AB94DF /* RecommdedHeaderCell.swift */; };
		1CE7F8B91F99AA2E00AB94DF /* RecommdedHeaderCell.xib in Resources */ = {isa = PBXBuildFile; fileRef = 1CE7F8B71F99AA2E00AB94DF /* RecommdedHeaderCell.xib */; };
		1CEC9EBC1F9DA00D008A6719 /* RecommendCardArray.swift in Sources */ = {isa = PBXBuildFile; fileRef = 1CEC9EBB1F9DA00D008A6719 /* RecommendCardArray.swift */; };
		1CEC9EBE1F9DCD47008A6719 /* RecommendAdModel.swift in Sources */ = {isa = PBXBuildFile; fileRef = 1CEC9EBD1F9DCD47008A6719 /* RecommendAdModel.swift */; };
		1CF61B101F96EC0A0055EC78 /* UIView+AB.swift in Sources */ = {isa = PBXBuildFile; fileRef = 1CF61B0F1F96EC0A0055EC78 /* UIView+AB.swift */; };
		3D25474CA2104651702811E3 /* Pods_Inke.framework in Frameworks */ = {isa = PBXBuildFile; fileRef = F1D116E9C4345948DB1D5064 /* Pods_Inke.framework */; };
		E01315A61F97B59200788A28 /* ScrollSegmentView.swift in Sources */ = {isa = PBXBuildFile; fileRef = E01315A51F97B59200788A28 /* ScrollSegmentView.swift */; };
		E08A53BC1FAECF2C00BE52A7 /* LiveRoomController.swift in Sources */ = {isa = PBXBuildFile; fileRef = E08A53BA1FAECF2C00BE52A7 /* LiveRoomController.swift */; };
		E08A53BD1FAECF2C00BE52A7 /* LiveRoomController.xib in Resources */ = {isa = PBXBuildFile; fileRef = E08A53BB1FAECF2C00BE52A7 /* LiveRoomController.xib */; };
		E08A53BF1FAEEB7D00BE52A7 /* IJKMediaFramework.framework in Frameworks */ = {isa = PBXBuildFile; fileRef = E08A53BE1FAEEB7D00BE52A7 /* IJKMediaFramework.framework */; };
		E08A53C61FAEEC3400BE52A7 /* libbz2.tbd in Frameworks */ = {isa = PBXBuildFile; fileRef = E08A53C51FAEEC3400BE52A7 /* libbz2.tbd */; };
		E08A53C81FAEEC3B00BE52A7 /* libz.tbd in Frameworks */ = {isa = PBXBuildFile; fileRef = E08A53C71FAEEC3B00BE52A7 /* libz.tbd */; };
		E08A53D11FAF665800BE52A7 /* OwnerView.swift in Sources */ = {isa = PBXBuildFile; fileRef = E08A53D01FAF665800BE52A7 /* OwnerView.swift */; };
		E08A53D31FAF666E00BE52A7 /* OwnerView.xib in Resources */ = {isa = PBXBuildFile; fileRef = E08A53D21FAF666E00BE52A7 /* OwnerView.xib */; };
		E08A53D51FAF7B7100BE52A7 /* BottomToolBox.swift in Sources */ = {isa = PBXBuildFile; fileRef = E08A53D41FAF7B7100BE52A7 /* BottomToolBox.swift */; };
		E08A53D71FAF7B7900BE52A7 /* BottomToolBox.xib in Resources */ = {isa = PBXBuildFile; fileRef = E08A53D61FAF7B7900BE52A7 /* BottomToolBox.xib */; };
		E0BE00D21F9C6EDF00C67C48 /* RecommendAdCell.swift in Sources */ = {isa = PBXBuildFile; fileRef = E0BE00D01F9C6EDF00C67C48 /* RecommendAdCell.swift */; };
		E0BE00D31F9C6EDF00C67C48 /* RecommendAdCell.xib in Resources */ = {isa = PBXBuildFile; fileRef = E0BE00D11F9C6EDF00C67C48 /* RecommendAdCell.xib */; };
		E0BE00D51F9C700C00C67C48 /* RecommendAdSectionController.swift in Sources */ = {isa = PBXBuildFile; fileRef = E0BE00D41F9C700C00C67C48 /* RecommendAdSectionController.swift */; };
		E0BE00D91F9C713000C67C48 /* RecommendCommonSectionController.swift in Sources */ = {isa = PBXBuildFile; fileRef = E0BE00D81F9C713000C67C48 /* RecommendCommonSectionController.swift */; };
		E0BE00DB1F9C7C4100C67C48 /* NetworkTools.swift in Sources */ = {isa = PBXBuildFile; fileRef = E0BE00DA1F9C7C4100C67C48 /* NetworkTools.swift */; };
		E0BE00DE1F9CBDA300C67C48 /* RecommendCardModel.swift in Sources */ = {isa = PBXBuildFile; fileRef = E0BE00DD1F9CBDA300C67C48 /* RecommendCardModel.swift */; };
		E0DF0EC21F94FE6C00FA8903 /* AppDelegate.swift in Sources */ = {isa = PBXBuildFile; fileRef = E0DF0EC11F94FE6C00FA8903 /* AppDelegate.swift */; };
		E0DF0EC41F94FE6C00FA8903 /* ViewController.swift in Sources */ = {isa = PBXBuildFile; fileRef = E0DF0EC31F94FE6C00FA8903 /* ViewController.swift */; };
		E0DF0EC71F94FE6C00FA8903 /* Main.storyboard in Resources */ = {isa = PBXBuildFile; fileRef = E0DF0EC51F94FE6C00FA8903 /* Main.storyboard */; };
		E0DF0EC91F94FE6C00FA8903 /* Assets.xcassets in Resources */ = {isa = PBXBuildFile; fileRef = E0DF0EC81F94FE6C00FA8903 /* Assets.xcassets */; };
		E0DF0ECC1F94FE6C00FA8903 /* LaunchScreen.storyboard in Resources */ = {isa = PBXBuildFile; fileRef = E0DF0ECA1F94FE6C00FA8903 /* LaunchScreen.storyboard */; };
		E0DF0EED1F950B0000FA8903 /* RootTabBarController.swift in Sources */ = {isa = PBXBuildFile; fileRef = E0DF0EEC1F950B0000FA8903 /* RootTabBarController.swift */; };
		E0DF0EEF1F950B5500FA8903 /* BaseNavigationController.swift in Sources */ = {isa = PBXBuildFile; fileRef = E0DF0EEE1F950B5500FA8903 /* BaseNavigationController.swift */; };
		E0DF0EF31F950BB100FA8903 /* HomeController.swift in Sources */ = {isa = PBXBuildFile; fileRef = E0DF0EF21F950BB100FA8903 /* HomeController.swift */; };
		E0DF0EF51F950BC100FA8903 /* NearController.swift in Sources */ = {isa = PBXBuildFile; fileRef = E0DF0EF41F950BC100FA8903 /* NearController.swift */; };
		E0DF0EF71F950BDF00FA8903 /* LiveController.swift in Sources */ = {isa = PBXBuildFile; fileRef = E0DF0EF61F950BDF00FA8903 /* LiveController.swift */; };
		E0DF0EF91F950BF600FA8903 /* FollowsController.swift in Sources */ = {isa = PBXBuildFile; fileRef = E0DF0EF81F950BF600FA8903 /* FollowsController.swift */; };
		E0DF0EFB1F950C0600FA8903 /* ProfileController.swift in Sources */ = {isa = PBXBuildFile; fileRef = E0DF0EFA1F950C0600FA8903 /* ProfileController.swift */; };
		E0DF0EFD1F950C5400FA8903 /* BaseViewController.swift in Sources */ = {isa = PBXBuildFile; fileRef = E0DF0EFC1F950C5400FA8903 /* BaseViewController.swift */; };
		E0F326231F9B0BC00011A013 /* RecommendLiveGroupCell.swift in Sources */ = {isa = PBXBuildFile; fileRef = E0F326211F9B0BC00011A013 /* RecommendLiveGroupCell.swift */; };
		E0F326241F9B0BC00011A013 /* RecommendLiveGroupCell.xib in Resources */ = {isa = PBXBuildFile; fileRef = E0F326221F9B0BC00011A013 /* RecommendLiveGroupCell.xib */; };
		E0F326261F9B12120011A013 /* UIKit+HeroExamples.swift in Sources */ = {isa = PBXBuildFile; fileRef = E0F326251F9B12120011A013 /* UIKit+HeroExamples.swift */; };
		E0F326291F9B4F7B0011A013 /* RecommendLiveCell.swift in Sources */ = {isa = PBXBuildFile; fileRef = E0F326271F9B4F7B0011A013 /* RecommendLiveCell.swift */; };
		E0F3262A1F9B4F7B0011A013 /* RecommendLiveCell.xib in Resources */ = {isa = PBXBuildFile; fileRef = E0F326281F9B4F7B0011A013 /* RecommendLiveCell.xib */; };
/* End PBXBuildFile section */

/* Begin PBXFileReference section */
		1C4324771F95A1AD006C2DEF /* GlobalFunc.swift */ = {isa = PBXFileReference; lastKnownFileType = sourcecode.swift; path = GlobalFunc.swift; sourceTree = "<group>"; };
		1C4324791F95A935006C2DEF /* GlobalDefinition.swift */ = {isa = PBXFileReference; lastKnownFileType = sourcecode.swift; path = GlobalDefinition.swift; sourceTree = "<group>"; };
		1C43247E1F95B413006C2DEF /* RootTabBar.swift */ = {isa = PBXFileReference; lastKnownFileType = sourcecode.swift; path = RootTabBar.swift; sourceTree = "<group>"; };
		1C4324801F95B422006C2DEF /* RootTabBar.xib */ = {isa = PBXFileReference; lastKnownFileType = file.xib; path = RootTabBar.xib; sourceTree = "<group>"; };
		1CB245C01F9885C900F92D29 /* SegmentContentView.swift */ = {isa = PBXFileReference; lastKnownFileType = sourcecode.swift; path = SegmentContentView.swift; sourceTree = "<group>"; };
		1CB245C21F98898600F92D29 /* RecommendController.swift */ = {isa = PBXFileReference; lastKnownFileType = sourcecode.swift; path = RecommendController.swift; sourceTree = "<group>"; };
		1CB245C41F9889B200F92D29 /* VideoController.swift */ = {isa = PBXFileReference; lastKnownFileType = sourcecode.swift; path = VideoController.swift; sourceTree = "<group>"; };
		1CB245C61F9889E400F92D29 /* HotGameController.swift */ = {isa = PBXFileReference; lastKnownFileType = sourcecode.swift; path = HotGameController.swift; sourceTree = "<group>"; };
		1CB245C81F988A5000F92D29 /* FoundController.swift */ = {isa = PBXFileReference; lastKnownFileType = sourcecode.swift; path = FoundController.swift; sourceTree = "<group>"; };
		1CB245CA1F988A7100F92D29 /* LocalCityController.swift */ = {isa = PBXFileReference; lastKnownFileType = sourcecode.swift; path = LocalCityController.swift; sourceTree = "<group>"; };
		1CE7F8B31F99A85800AB94DF /* RecommendHeaderSectionController.swift */ = {isa = PBXFileReference; lastKnownFileType = sourcecode.swift; path = RecommendHeaderSectionController.swift; sourceTree = "<group>"; };
		1CE7F8B61F99AA2E00AB94DF /* RecommdedHeaderCell.swift */ = {isa = PBXFileReference; lastKnownFileType = sourcecode.swift; path = RecommdedHeaderCell.swift; sourceTree = "<group>"; };
		1CE7F8B71F99AA2E00AB94DF /* RecommdedHeaderCell.xib */ = {isa = PBXFileReference; lastKnownFileType = file.xib; path = RecommdedHeaderCell.xib; sourceTree = "<group>"; };
		1CEC9EBB1F9DA00D008A6719 /* RecommendCardArray.swift */ = {isa = PBXFileReference; lastKnownFileType = sourcecode.swift; path = RecommendCardArray.swift; sourceTree = "<group>"; };
		1CEC9EBD1F9DCD47008A6719 /* RecommendAdModel.swift */ = {isa = PBXFileReference; lastKnownFileType = sourcecode.swift; path = RecommendAdModel.swift; sourceTree = "<group>"; };
		1CF61B0F1F96EC0A0055EC78 /* UIView+AB.swift */ = {isa = PBXFileReference; lastKnownFileType = sourcecode.swift; path = "UIView+AB.swift"; sourceTree = "<group>"; };
		B1D6979AC0811A63F689C4EA /* Pods-Inke.debug.xcconfig */ = {isa = PBXFileReference; includeInIndex = 1; lastKnownFileType = text.xcconfig; name = "Pods-Inke.debug.xcconfig"; path = "Pods/Target Support Files/Pods-Inke/Pods-Inke.debug.xcconfig"; sourceTree = "<group>"; };
		D9D7930B6B69C6D7487C1A57 /* Pods-Inke.release.xcconfig */ = {isa = PBXFileReference; includeInIndex = 1; lastKnownFileType = text.xcconfig; name = "Pods-Inke.release.xcconfig"; path = "Pods/Target Support Files/Pods-Inke/Pods-Inke.release.xcconfig"; sourceTree = "<group>"; };
		E01315A51F97B59200788A28 /* ScrollSegmentView.swift */ = {isa = PBXFileReference; lastKnownFileType = sourcecode.swift; path = ScrollSegmentView.swift; sourceTree = "<group>"; };
		E08A53BA1FAECF2C00BE52A7 /* LiveRoomController.swift */ = {isa = PBXFileReference; lastKnownFileType = sourcecode.swift; path = LiveRoomController.swift; sourceTree = "<group>"; };
		E08A53BB1FAECF2C00BE52A7 /* LiveRoomController.xib */ = {isa = PBXFileReference; lastKnownFileType = file.xib; path = LiveRoomController.xib; sourceTree = "<group>"; };
		E08A53BE1FAEEB7D00BE52A7 /* IJKMediaFramework.framework */ = {isa = PBXFileReference; lastKnownFileType = wrapper.framework; path = IJKMediaFramework.framework; sourceTree = "<group>"; };
		E08A53C01FAEEBD400BE52A7 /* AudioToolbox.framework */ = {isa = PBXFileReference; lastKnownFileType = wrapper.framework; name = AudioToolbox.framework; path = System/Library/Frameworks/AudioToolbox.framework; sourceTree = SDKROOT; };
		E08A53C11FAEEC0C00BE52A7 /* AVFoundation.framework */ = {isa = PBXFileReference; lastKnownFileType = wrapper.framework; name = AVFoundation.framework; path = System/Library/Frameworks/AVFoundation.framework; sourceTree = SDKROOT; };
		E08A53C21FAEEC1300BE52A7 /* CoreGraphics.framework */ = {isa = PBXFileReference; lastKnownFileType = wrapper.framework; name = CoreGraphics.framework; path = System/Library/Frameworks/CoreGraphics.framework; sourceTree = SDKROOT; };
		E08A53C31FAEEC1900BE52A7 /* CoreMedia.framework */ = {isa = PBXFileReference; lastKnownFileType = wrapper.framework; name = CoreMedia.framework; path = System/Library/Frameworks/CoreMedia.framework; sourceTree = SDKROOT; };
		E08A53C41FAEEC1F00BE52A7 /* CoreVideo.framework */ = {isa = PBXFileReference; lastKnownFileType = wrapper.framework; name = CoreVideo.framework; path = System/Library/Frameworks/CoreVideo.framework; sourceTree = SDKROOT; };
		E08A53C51FAEEC3400BE52A7 /* libbz2.tbd */ = {isa = PBXFileReference; lastKnownFileType = "sourcecode.text-based-dylib-definition"; name = libbz2.tbd; path = usr/lib/libbz2.tbd; sourceTree = SDKROOT; };
		E08A53C71FAEEC3B00BE52A7 /* libz.tbd */ = {isa = PBXFileReference; lastKnownFileType = "sourcecode.text-based-dylib-definition"; name = libz.tbd; path = usr/lib/libz.tbd; sourceTree = SDKROOT; };
		E08A53C91FAEEC4400BE52A7 /* MediaPlayer.framework */ = {isa = PBXFileReference; lastKnownFileType = wrapper.framework; name = MediaPlayer.framework; path = System/Library/Frameworks/MediaPlayer.framework; sourceTree = SDKROOT; };
		E08A53CA1FAEEC4D00BE52A7 /* MobileCoreServices.framework */ = {isa = PBXFileReference; lastKnownFileType = wrapper.framework; name = MobileCoreServices.framework; path = System/Library/Frameworks/MobileCoreServices.framework; sourceTree = SDKROOT; };
		E08A53CB1FAEEC5600BE52A7 /* OpenGLES.framework */ = {isa = PBXFileReference; lastKnownFileType = wrapper.framework; name = OpenGLES.framework; path = System/Library/Frameworks/OpenGLES.framework; sourceTree = SDKROOT; };
		E08A53CC1FAEEC5C00BE52A7 /* QuartzCore.framework */ = {isa = PBXFileReference; lastKnownFileType = wrapper.framework; name = QuartzCore.framework; path = System/Library/Frameworks/QuartzCore.framework; sourceTree = SDKROOT; };
		E08A53CD1FAEEC6600BE52A7 /* VideoToolbox.framework */ = {isa = PBXFileReference; lastKnownFileType = wrapper.framework; name = VideoToolbox.framework; path = System/Library/Frameworks/VideoToolbox.framework; sourceTree = SDKROOT; };
		E08A53D01FAF665800BE52A7 /* OwnerView.swift */ = {isa = PBXFileReference; lastKnownFileType = sourcecode.swift; path = OwnerView.swift; sourceTree = "<group>"; };
		E08A53D21FAF666E00BE52A7 /* OwnerView.xib */ = {isa = PBXFileReference; lastKnownFileType = file.xib; path = OwnerView.xib; sourceTree = "<group>"; };
		E08A53D41FAF7B7100BE52A7 /* BottomToolBox.swift */ = {isa = PBXFileReference; lastKnownFileType = sourcecode.swift; path = BottomToolBox.swift; sourceTree = "<group>"; };
		E08A53D61FAF7B7900BE52A7 /* BottomToolBox.xib */ = {isa = PBXFileReference; lastKnownFileType = file.xib; path = BottomToolBox.xib; sourceTree = "<group>"; };
		E0BE00D01F9C6EDF00C67C48 /* RecommendAdCell.swift */ = {isa = PBXFileReference; lastKnownFileType = sourcecode.swift; path = RecommendAdCell.swift; sourceTree = "<group>"; };
		E0BE00D11F9C6EDF00C67C48 /* RecommendAdCell.xib */ = {isa = PBXFileReference; lastKnownFileType = file.xib; path = RecommendAdCell.xib; sourceTree = "<group>"; };
		E0BE00D41F9C700C00C67C48 /* RecommendAdSectionController.swift */ = {isa = PBXFileReference; lastKnownFileType = sourcecode.swift; path = RecommendAdSectionController.swift; sourceTree = "<group>"; };
		E0BE00D81F9C713000C67C48 /* RecommendCommonSectionController.swift */ = {isa = PBXFileReference; lastKnownFileType = sourcecode.swift; path = RecommendCommonSectionController.swift; sourceTree = "<group>"; };
		E0BE00DA1F9C7C4100C67C48 /* NetworkTools.swift */ = {isa = PBXFileReference; lastKnownFileType = sourcecode.swift; path = NetworkTools.swift; sourceTree = "<group>"; };
		E0BE00DD1F9CBDA300C67C48 /* RecommendCardModel.swift */ = {isa = PBXFileReference; lastKnownFileType = sourcecode.swift; path = RecommendCardModel.swift; sourceTree = "<group>"; };
		E0DF0EBE1F94FE6C00FA8903 /* Inke.app */ = {isa = PBXFileReference; explicitFileType = wrapper.application; includeInIndex = 0; path = Inke.app; sourceTree = BUILT_PRODUCTS_DIR; };
		E0DF0EC11F94FE6C00FA8903 /* AppDelegate.swift */ = {isa = PBXFileReference; lastKnownFileType = sourcecode.swift; path = AppDelegate.swift; sourceTree = "<group>"; };
		E0DF0EC31F94FE6C00FA8903 /* ViewController.swift */ = {isa = PBXFileReference; lastKnownFileType = sourcecode.swift; path = ViewController.swift; sourceTree = "<group>"; };
		E0DF0EC61F94FE6C00FA8903 /* Base */ = {isa = PBXFileReference; lastKnownFileType = file.storyboard; name = Base; path = Base.lproj/Main.storyboard; sourceTree = "<group>"; };
		E0DF0EC81F94FE6C00FA8903 /* Assets.xcassets */ = {isa = PBXFileReference; lastKnownFileType = folder.assetcatalog; path = Assets.xcassets; sourceTree = "<group>"; };
		E0DF0ECB1F94FE6C00FA8903 /* Base */ = {isa = PBXFileReference; lastKnownFileType = file.storyboard; name = Base; path = Base.lproj/LaunchScreen.storyboard; sourceTree = "<group>"; };
		E0DF0ECD1F94FE6C00FA8903 /* Info.plist */ = {isa = PBXFileReference; lastKnownFileType = text.plist.xml; path = Info.plist; sourceTree = "<group>"; };
		E0DF0EEC1F950B0000FA8903 /* RootTabBarController.swift */ = {isa = PBXFileReference; fileEncoding = 4; lastKnownFileType = sourcecode.swift; path = RootTabBarController.swift; sourceTree = "<group>"; };
		E0DF0EEE1F950B5500FA8903 /* BaseNavigationController.swift */ = {isa = PBXFileReference; fileEncoding = 4; lastKnownFileType = sourcecode.swift; path = BaseNavigationController.swift; sourceTree = "<group>"; };
		E0DF0EF21F950BB100FA8903 /* HomeController.swift */ = {isa = PBXFileReference; fileEncoding = 4; lastKnownFileType = sourcecode.swift; path = HomeController.swift; sourceTree = "<group>"; };
		E0DF0EF41F950BC100FA8903 /* NearController.swift */ = {isa = PBXFileReference; fileEncoding = 4; lastKnownFileType = sourcecode.swift; path = NearController.swift; sourceTree = "<group>"; };
		E0DF0EF61F950BDF00FA8903 /* LiveController.swift */ = {isa = PBXFileReference; fileEncoding = 4; lastKnownFileType = sourcecode.swift; path = LiveController.swift; sourceTree = "<group>"; };
		E0DF0EF81F950BF600FA8903 /* FollowsController.swift */ = {isa = PBXFileReference; fileEncoding = 4; lastKnownFileType = sourcecode.swift; path = FollowsController.swift; sourceTree = "<group>"; };
		E0DF0EFA1F950C0600FA8903 /* ProfileController.swift */ = {isa = PBXFileReference; fileEncoding = 4; lastKnownFileType = sourcecode.swift; path = ProfileController.swift; sourceTree = "<group>"; };
		E0DF0EFC1F950C5400FA8903 /* BaseViewController.swift */ = {isa = PBXFileReference; fileEncoding = 4; lastKnownFileType = sourcecode.swift; path = BaseViewController.swift; sourceTree = "<group>"; };
		E0F326211F9B0BC00011A013 /* RecommendLiveGroupCell.swift */ = {isa = PBXFileReference; lastKnownFileType = sourcecode.swift; path = RecommendLiveGroupCell.swift; sourceTree = "<group>"; };
		E0F326221F9B0BC00011A013 /* RecommendLiveGroupCell.xib */ = {isa = PBXFileReference; lastKnownFileType = file.xib; path = RecommendLiveGroupCell.xib; sourceTree = "<group>"; };
		E0F326251F9B12120011A013 /* UIKit+HeroExamples.swift */ = {isa = PBXFileReference; fileEncoding = 4; lastKnownFileType = sourcecode.swift; path = "UIKit+HeroExamples.swift"; sourceTree = "<group>"; };
		E0F326271F9B4F7B0011A013 /* RecommendLiveCell.swift */ = {isa = PBXFileReference; lastKnownFileType = sourcecode.swift; path = RecommendLiveCell.swift; sourceTree = "<group>"; };
		E0F326281F9B4F7B0011A013 /* RecommendLiveCell.xib */ = {isa = PBXFileReference; lastKnownFileType = file.xib; path = RecommendLiveCell.xib; sourceTree = "<group>"; };
		F1D116E9C4345948DB1D5064 /* Pods_Inke.framework */ = {isa = PBXFileReference; explicitFileType = wrapper.framework; includeInIndex = 0; path = Pods_Inke.framework; sourceTree = BUILT_PRODUCTS_DIR; };
/* End PBXFileReference section */

/* Begin PBXFrameworksBuildPhase section */
		E0DF0EBB1F94FE6C00FA8903 /* Frameworks */ = {
			isa = PBXFrameworksBuildPhase;
			buildActionMask = 2147483647;
			files = (
				E08A53C61FAEEC3400BE52A7 /* libbz2.tbd in Frameworks */,
				E08A53C81FAEEC3B00BE52A7 /* libz.tbd in Frameworks */,
				3D25474CA2104651702811E3 /* Pods_Inke.framework in Frameworks */,
				E08A53BF1FAEEB7D00BE52A7 /* IJKMediaFramework.framework in Frameworks */,
			);
			runOnlyForDeploymentPostprocessing = 0;
		};
/* End PBXFrameworksBuildPhase section */

/* Begin PBXGroup section */
		1C4324761F95A19B006C2DEF /* Tools */ = {
			isa = PBXGroup;
			children = (
				1C4324771F95A1AD006C2DEF /* GlobalFunc.swift */,
				1CF61B0F1F96EC0A0055EC78 /* UIView+AB.swift */,
				E0F326251F9B12120011A013 /* UIKit+HeroExamples.swift */,
				E0BE00DA1F9C7C4100C67C48 /* NetworkTools.swift */,
			);
			path = Tools;
			sourceTree = "<group>";
		};
		1C43247D1F95B3D2006C2DEF /* views */ = {
			isa = PBXGroup;
			children = (
				1C43247E1F95B413006C2DEF /* RootTabBar.swift */,
				1C4324801F95B422006C2DEF /* RootTabBar.xib */,
				E01315A51F97B59200788A28 /* ScrollSegmentView.swift */,
				1CB245C01F9885C900F92D29 /* SegmentContentView.swift */,
			);
			name = views;
			path = Inke/Class/Main/views;
			sourceTree = SOURCE_ROOT;
		};
		1CE7F8B21F99A7DD00AB94DF /* sectionController */ = {
			isa = PBXGroup;
			children = (
				1CE7F8B31F99A85800AB94DF /* RecommendHeaderSectionController.swift */,
				E0BE00D41F9C700C00C67C48 /* RecommendAdSectionController.swift */,
				E0BE00D81F9C713000C67C48 /* RecommendCommonSectionController.swift */,
			);
			path = sectionController;
			sourceTree = "<group>";
		};
		1CE7F8B51F99A97900AB94DF /* views */ = {
			isa = PBXGroup;
			children = (
				1CE7F8B61F99AA2E00AB94DF /* RecommdedHeaderCell.swift */,
				1CE7F8B71F99AA2E00AB94DF /* RecommdedHeaderCell.xib */,
				E0F326211F9B0BC00011A013 /* RecommendLiveGroupCell.swift */,
				E0F326221F9B0BC00011A013 /* RecommendLiveGroupCell.xib */,
				E0F326271F9B4F7B0011A013 /* RecommendLiveCell.swift */,
				E0F326281F9B4F7B0011A013 /* RecommendLiveCell.xib */,
				E0BE00D01F9C6EDF00C67C48 /* RecommendAdCell.swift */,
				E0BE00D11F9C6EDF00C67C48 /* RecommendAdCell.xib */,
			);
			path = views;
			sourceTree = "<group>";
		};
		BD1B5316DB6A87A2533671E4 /* Frameworks */ = {
			isa = PBXGroup;
			children = (
				E08A53CD1FAEEC6600BE52A7 /* VideoToolbox.framework */,
				E08A53CC1FAEEC5C00BE52A7 /* QuartzCore.framework */,
				E08A53CB1FAEEC5600BE52A7 /* OpenGLES.framework */,
				E08A53CA1FAEEC4D00BE52A7 /* MobileCoreServices.framework */,
				E08A53C91FAEEC4400BE52A7 /* MediaPlayer.framework */,
				E08A53C71FAEEC3B00BE52A7 /* libz.tbd */,
				E08A53C51FAEEC3400BE52A7 /* libbz2.tbd */,
				E08A53C41FAEEC1F00BE52A7 /* CoreVideo.framework */,
				E08A53C31FAEEC1900BE52A7 /* CoreMedia.framework */,
				E08A53C21FAEEC1300BE52A7 /* CoreGraphics.framework */,
				E08A53C11FAEEC0C00BE52A7 /* AVFoundation.framework */,
				E08A53C01FAEEBD400BE52A7 /* AudioToolbox.framework */,
				E08A53BE1FAEEB7D00BE52A7 /* IJKMediaFramework.framework */,
				F1D116E9C4345948DB1D5064 /* Pods_Inke.framework */,
			);
			name = Frameworks;
			sourceTree = "<group>";
		};
		CD3D22C732B3AA94C65DD00B /* Pods */ = {
			isa = PBXGroup;
			children = (
				B1D6979AC0811A63F689C4EA /* Pods-Inke.debug.xcconfig */,
				D9D7930B6B69C6D7487C1A57 /* Pods-Inke.release.xcconfig */,
			);
			name = Pods;
			sourceTree = "<group>";
		};
		E08A53CF1FAF664100BE52A7 /* views */ = {
			isa = PBXGroup;
			children = (
				E08A53D01FAF665800BE52A7 /* OwnerView.swift */,
				E08A53D21FAF666E00BE52A7 /* OwnerView.xib */,
				E08A53D41FAF7B7100BE52A7 /* BottomToolBox.swift */,
				E08A53D61FAF7B7900BE52A7 /* BottomToolBox.xib */,
			);
			path = views;
			sourceTree = "<group>";
		};
		E0BE00DC1F9CBD9100C67C48 /* model */ = {
			isa = PBXGroup;
			children = (
				E0BE00DD1F9CBDA300C67C48 /* RecommendCardModel.swift */,
				1CEC9EBB1F9DA00D008A6719 /* RecommendCardArray.swift */,
				1CEC9EBD1F9DCD47008A6719 /* RecommendAdModel.swift */,
			);
			path = model;
			sourceTree = "<group>";
		};
		E0DF0EB51F94FE6C00FA8903 = {
			isa = PBXGroup;
			children = (
				E0DF0EC01F94FE6C00FA8903 /* Inke */,
				E0DF0EBF1F94FE6C00FA8903 /* Products */,
				CD3D22C732B3AA94C65DD00B /* Pods */,
				BD1B5316DB6A87A2533671E4 /* Frameworks */,
			);
			sourceTree = "<group>";
		};
		E0DF0EBF1F94FE6C00FA8903 /* Products */ = {
			isa = PBXGroup;
			children = (
				E0DF0EBE1F94FE6C00FA8903 /* Inke.app */,
			);
			name = Products;
			sourceTree = "<group>";
		};
		E0DF0EC01F94FE6C00FA8903 /* Inke */ = {
			isa = PBXGroup;
			children = (
				E0DF0ED31F9503FA00FA8903 /* Class */,
				E0DF0EC31F94FE6C00FA8903 /* ViewController.swift */,
				E0DF0EC11F94FE6C00FA8903 /* AppDelegate.swift */,
				E0DF0EC51F94FE6C00FA8903 /* Main.storyboard */,
				E0DF0EC81F94FE6C00FA8903 /* Assets.xcassets */,
				E0DF0ECA1F94FE6C00FA8903 /* LaunchScreen.storyboard */,
				E0DF0ECD1F94FE6C00FA8903 /* Info.plist */,
			);
			path = Inke;
			sourceTree = "<group>";
		};
		E0DF0ED31F9503FA00FA8903 /* Class */ = {
			isa = PBXGroup;
			children = (
				1C4324761F95A19B006C2DEF /* Tools */,
				E0DF0ED81F9503FA00FA8903 /* Home */,
				E0DF0EE21F9503FA00FA8903 /* Near */,
				E0DF0EDD1F9503FA00FA8903 /* Live */,
				E0DF0ED41F9503FA00FA8903 /* Follows */,
				E0DF0EE61F9503FA00FA8903 /* Profile */,
				E0DF0EE11F9503FA00FA8903 /* Main */,
			);
			path = Class;
			sourceTree = "<group>";
		};
		E0DF0ED41F9503FA00FA8903 /* Follows */ = {
			isa = PBXGroup;
			children = (
				E0DF0ED51F9503FA00FA8903 /* controller */,
				E0DF0ED61F9503FA00FA8903 /* model */,
				E0DF0ED71F9503FA00FA8903 /* views */,
			);
			path = Follows;
			sourceTree = "<group>";
		};
		E0DF0ED51F9503FA00FA8903 /* controller */ = {
			isa = PBXGroup;
			children = (
				E0DF0EF81F950BF600FA8903 /* FollowsController.swift */,
			);
			path = controller;
			sourceTree = "<group>";
		};
		E0DF0ED61F9503FA00FA8903 /* model */ = {
			isa = PBXGroup;
			children = (
			);
			path = model;
			sourceTree = "<group>";
		};
		E0DF0ED71F9503FA00FA8903 /* views */ = {
			isa = PBXGroup;
			children = (
			);
			path = views;
			sourceTree = "<group>";
		};
		E0DF0ED81F9503FA00FA8903 /* Home */ = {
			isa = PBXGroup;
			children = (
				E0BE00DC1F9CBD9100C67C48 /* model */,
				1CE7F8B51F99A97900AB94DF /* views */,
				1CE7F8B21F99A7DD00AB94DF /* sectionController */,
				E0DF0ED91F9503FA00FA8903 /* controller */,
			);
			path = Home;
			sourceTree = "<group>";
		};
		E0DF0ED91F9503FA00FA8903 /* controller */ = {
			isa = PBXGroup;
			children = (
				E0DF0EF21F950BB100FA8903 /* HomeController.swift */,
				1CB245C21F98898600F92D29 /* RecommendController.swift */,
				1CB245C41F9889B200F92D29 /* VideoController.swift */,
				1CB245C61F9889E400F92D29 /* HotGameController.swift */,
				1CB245C81F988A5000F92D29 /* FoundController.swift */,
				1CB245CA1F988A7100F92D29 /* LocalCityController.swift */,
			);
			path = controller;
			sourceTree = "<group>";
		};
		E0DF0EDD1F9503FA00FA8903 /* Live */ = {
			isa = PBXGroup;
			children = (
				E08A53CF1FAF664100BE52A7 /* views */,
				E0DF0EDE1F9503FA00FA8903 /* controller */,
				E0DF0EDF1F9503FA00FA8903 /* model */,
			);
			path = Live;
			sourceTree = "<group>";
		};
		E0DF0EDE1F9503FA00FA8903 /* controller */ = {
			isa = PBXGroup;
			children = (
				E0DF0EF61F950BDF00FA8903 /* LiveController.swift */,
				E08A53BA1FAECF2C00BE52A7 /* LiveRoomController.swift */,
				E08A53BB1FAECF2C00BE52A7 /* LiveRoomController.xib */,
			);
			path = controller;
			sourceTree = "<group>";
		};
		E0DF0EDF1F9503FA00FA8903 /* model */ = {
			isa = PBXGroup;
			children = (
			);
			path = model;
			sourceTree = "<group>";
		};
		E0DF0EE11F9503FA00FA8903 /* Main */ = {
			isa = PBXGroup;
			children = (
				1C43247D1F95B3D2006C2DEF /* views */,
				E0DF0EEB1F950AD000FA8903 /* BaseController */,
				1C4324791F95A935006C2DEF /* GlobalDefinition.swift */,
			);
			path = Main;
			sourceTree = "<group>";
		};
		E0DF0EE21F9503FA00FA8903 /* Near */ = {
			isa = PBXGroup;
			children = (
				E0DF0EE31F9503FA00FA8903 /* controller */,
				E0DF0EE41F9503FA00FA8903 /* model */,
				E0DF0EE51F9503FA00FA8903 /* views */,
			);
			path = Near;
			sourceTree = "<group>";
		};
		E0DF0EE31F9503FA00FA8903 /* controller */ = {
			isa = PBXGroup;
			children = (
				E0DF0EF41F950BC100FA8903 /* NearController.swift */,
			);
			path = controller;
			sourceTree = "<group>";
		};
		E0DF0EE41F9503FA00FA8903 /* model */ = {
			isa = PBXGroup;
			children = (
			);
			path = model;
			sourceTree = "<group>";
		};
		E0DF0EE51F9503FA00FA8903 /* views */ = {
			isa = PBXGroup;
			children = (
			);
			path = views;
			sourceTree = "<group>";
		};
		E0DF0EE61F9503FA00FA8903 /* Profile */ = {
			isa = PBXGroup;
			children = (
				E0DF0EE71F9503FA00FA8903 /* controller */,
				E0DF0EE81F9503FA00FA8903 /* model */,
				E0DF0EE91F9503FA00FA8903 /* views */,
			);
			path = Profile;
			sourceTree = "<group>";
		};
		E0DF0EE71F9503FA00FA8903 /* controller */ = {
			isa = PBXGroup;
			children = (
				E0DF0EFA1F950C0600FA8903 /* ProfileController.swift */,
			);
			path = controller;
			sourceTree = "<group>";
		};
		E0DF0EE81F9503FA00FA8903 /* model */ = {
			isa = PBXGroup;
			children = (
			);
			path = model;
			sourceTree = "<group>";
		};
		E0DF0EE91F9503FA00FA8903 /* views */ = {
			isa = PBXGroup;
			children = (
			);
			path = views;
			sourceTree = "<group>";
		};
		E0DF0EEB1F950AD000FA8903 /* BaseController */ = {
			isa = PBXGroup;
			children = (
				E0DF0EEC1F950B0000FA8903 /* RootTabBarController.swift */,
				E0DF0EEE1F950B5500FA8903 /* BaseNavigationController.swift */,
				E0DF0EFC1F950C5400FA8903 /* BaseViewController.swift */,
			);
			path = BaseController;
			sourceTree = "<group>";
		};
/* End PBXGroup section */

/* Begin PBXNativeTarget section */
		E0DF0EBD1F94FE6C00FA8903 /* Inke */ = {
			isa = PBXNativeTarget;
			buildConfigurationList = E0DF0ED01F94FE6C00FA8903 /* Build configuration list for PBXNativeTarget "Inke" */;
			buildPhases = (
				092D4F0B4FCC947AF892D23F /* [CP] Check Pods Manifest.lock */,
				E0DF0EBA1F94FE6C00FA8903 /* Sources */,
				E0DF0EBB1F94FE6C00FA8903 /* Frameworks */,
				E0DF0EBC1F94FE6C00FA8903 /* Resources */,
				F8A1570D2517149EBC1B7D6F /* [CP] Embed Pods Frameworks */,
				D28BB599A52A279CDC597080 /* [CP] Copy Pods Resources */,
			);
			buildRules = (
			);
			dependencies = (
			);
			name = Inke;
			productName = Inke;
			productReference = E0DF0EBE1F94FE6C00FA8903 /* Inke.app */;
			productType = "com.apple.product-type.application";
		};
/* End PBXNativeTarget section */

/* Begin PBXProject section */
		E0DF0EB61F94FE6C00FA8903 /* Project object */ = {
			isa = PBXProject;
			attributes = {
				LastSwiftUpdateCheck = 0830;
				LastUpgradeCheck = 0830;
				ORGANIZATIONNAME = DevHuangjb;
				TargetAttributes = {
					E0DF0EBD1F94FE6C00FA8903 = {
						CreatedOnToolsVersion = 8.3.3;
						DevelopmentTeam = 3MJY6YCBY9;
						ProvisioningStyle = Automatic;
					};
				};
			};
			buildConfigurationList = E0DF0EB91F94FE6C00FA8903 /* Build configuration list for PBXProject "Inke" */;
			compatibilityVersion = "Xcode 3.2";
			developmentRegion = English;
			hasScannedForEncodings = 0;
			knownRegions = (
				en,
				Base,
			);
			mainGroup = E0DF0EB51F94FE6C00FA8903;
			productRefGroup = E0DF0EBF1F94FE6C00FA8903 /* Products */;
			projectDirPath = "";
			projectRoot = "";
			targets = (
				E0DF0EBD1F94FE6C00FA8903 /* Inke */,
			);
		};
/* End PBXProject section */

/* Begin PBXResourcesBuildPhase section */
		E0DF0EBC1F94FE6C00FA8903 /* Resources */ = {
			isa = PBXResourcesBuildPhase;
			buildActionMask = 2147483647;
			files = (
				E08A53D31FAF666E00BE52A7 /* OwnerView.xib in Resources */,
				E08A53BD1FAECF2C00BE52A7 /* LiveRoomController.xib in Resources */,
				1CE7F8B91F99AA2E00AB94DF /* RecommdedHeaderCell.xib in Resources */,
				1C4324811F95B422006C2DEF /* RootTabBar.xib in Resources */,
				E08A53D71FAF7B7900BE52A7 /* BottomToolBox.xib in Resources */,
				E0DF0ECC1F94FE6C00FA8903 /* LaunchScreen.storyboard in Resources */,
				E0BE00D31F9C6EDF00C67C48 /* RecommendAdCell.xib in Resources */,
				E0DF0EC91F94FE6C00FA8903 /* Assets.xcassets in Resources */,
				E0F326241F9B0BC00011A013 /* RecommendLiveGroupCell.xib in Resources */,
				E0F3262A1F9B4F7B0011A013 /* RecommendLiveCell.xib in Resources */,
				E0DF0EC71F94FE6C00FA8903 /* Main.storyboard in Resources */,
			);
			runOnlyForDeploymentPostprocessing = 0;
		};
/* End PBXResourcesBuildPhase section */

/* Begin PBXShellScriptBuildPhase section */
		092D4F0B4FCC947AF892D23F /* [CP] Check Pods Manifest.lock */ = {
			isa = PBXShellScriptBuildPhase;
			buildActionMask = 2147483647;
			files = (
			);
			inputPaths = (
				"${PODS_PODFILE_DIR_PATH}/Podfile.lock",
				"${PODS_ROOT}/Manifest.lock",
			);
			name = "[CP] Check Pods Manifest.lock";
			outputPaths = (
				"$(DERIVED_FILE_DIR)/Pods-Inke-checkManifestLockResult.txt",
			);
			runOnlyForDeploymentPostprocessing = 0;
			shellPath = /bin/sh;
			shellScript = "diff \"${PODS_PODFILE_DIR_PATH}/Podfile.lock\" \"${PODS_ROOT}/Manifest.lock\" > /dev/null\nif [ $? != 0 ] ; then\n    # print error to STDERR\n    echo \"error: The sandbox is not in sync with the Podfile.lock. Run 'pod install' or update your CocoaPods installation.\" >&2\n    exit 1\nfi\n# This output is used by Xcode 'outputs' to avoid re-running this script phase.\necho \"SUCCESS\" > \"${SCRIPT_OUTPUT_FILE_0}\"\n";
			showEnvVarsInLog = 0;
		};
		D28BB599A52A279CDC597080 /* [CP] Copy Pods Resources */ = {
			isa = PBXShellScriptBuildPhase;
			buildActionMask = 2147483647;
			files = (
			);
			inputPaths = (
			);
			name = "[CP] Copy Pods Resources";
			outputPaths = (
			);
			runOnlyForDeploymentPostprocessing = 0;
			shellPath = /bin/sh;
			shellScript = "\"${SRCROOT}/Pods/Target Support Files/Pods-Inke/Pods-Inke-resources.sh\"\n";
			showEnvVarsInLog = 0;
		};
		F8A1570D2517149EBC1B7D6F /* [CP] Embed Pods Frameworks */ = {
			isa = PBXShellScriptBuildPhase;
			buildActionMask = 2147483647;
			files = (
			);
			inputPaths = (
				"${SRCROOT}/Pods/Target Support Files/Pods-Inke/Pods-Inke-frameworks.sh",
				"${BUILT_PRODUCTS_DIR}/Alamofire/Alamofire.framework",
				"${BUILT_PRODUCTS_DIR}/IGListKit/IGListKit.framework",
				"${BUILT_PRODUCTS_DIR}/MBProgressHUD/MBProgressHUD.framework",
				"${BUILT_PRODUCTS_DIR}/MJExtension/MJExtension.framework",
				"${BUILT_PRODUCTS_DIR}/SDWebImage/SDWebImage.framework",
				"${BUILT_PRODUCTS_DIR}/SnapKit/SnapKit.framework",
				"${BUILT_PRODUCTS_DIR}/SwiftyJSON/SwiftyJSON.framework",
			);
			name = "[CP] Embed Pods Frameworks";
			outputPaths = (
				"${TARGET_BUILD_DIR}/${FRAMEWORKS_FOLDER_PATH}/Alamofire.framework",
				"${TARGET_BUILD_DIR}/${FRAMEWORKS_FOLDER_PATH}/IGListKit.framework",
				"${TARGET_BUILD_DIR}/${FRAMEWORKS_FOLDER_PATH}/MBProgressHUD.framework",
				"${TARGET_BUILD_DIR}/${FRAMEWORKS_FOLDER_PATH}/MJExtension.framework",
				"${TARGET_BUILD_DIR}/${FRAMEWORKS_FOLDER_PATH}/SDWebImage.framework",
				"${TARGET_BUILD_DIR}/${FRAMEWORKS_FOLDER_PATH}/SnapKit.framework",
				"${TARGET_BUILD_DIR}/${FRAMEWORKS_FOLDER_PATH}/SwiftyJSON.framework",
			);
			runOnlyForDeploymentPostprocessing = 0;
			shellPath = /bin/sh;
			shellScript = "\"${SRCROOT}/Pods/Target Support Files/Pods-Inke/Pods-Inke-frameworks.sh\"\n";
			showEnvVarsInLog = 0;
		};
/* End PBXShellScriptBuildPhase section */

/* Begin PBXSourcesBuildPhase section */
		E0DF0EBA1F94FE6C00FA8903 /* Sources */ = {
			isa = PBXSourcesBuildPhase;
			buildActionMask = 2147483647;
			files = (
				E0DF0EEF1F950B5500FA8903 /* BaseNavigationController.swift in Sources */,
				1CB245C51F9889B200F92D29 /* VideoController.swift in Sources */,
				E0BE00DB1F9C7C4100C67C48 /* NetworkTools.swift in Sources */,
				E0BE00D21F9C6EDF00C67C48 /* RecommendAdCell.swift in Sources */,
				E08A53D11FAF665800BE52A7 /* OwnerView.swift in Sources */,
				E0F326261F9B12120011A013 /* UIKit+HeroExamples.swift in Sources */,
				1CEC9EBE1F9DCD47008A6719 /* RecommendAdModel.swift in Sources */,
				1CF61B101F96EC0A0055EC78 /* UIView+AB.swift in Sources */,
				1CEC9EBC1F9DA00D008A6719 /* RecommendCardArray.swift in Sources */,
				1CB245CB1F988A7100F92D29 /* LocalCityController.swift in Sources */,
				E08A53D51FAF7B7100BE52A7 /* BottomToolBox.swift in Sources */,
				E0DF0EF51F950BC100FA8903 /* NearController.swift in Sources */,
				1CB245C91F988A5000F92D29 /* FoundController.swift in Sources */,
				E0F326231F9B0BC00011A013 /* RecommendLiveGroupCell.swift in Sources */,
				1C4324781F95A1AD006C2DEF /* GlobalFunc.swift in Sources */,
				1C43247A1F95A935006C2DEF /* GlobalDefinition.swift in Sources */,
				E0BE00D91F9C713000C67C48 /* RecommendCommonSectionController.swift in Sources */,
				E0DF0EC41F94FE6C00FA8903 /* ViewController.swift in Sources */,
				E0DF0EF71F950BDF00FA8903 /* LiveController.swift in Sources */,
				1CB245C31F98898600F92D29 /* RecommendController.swift in Sources */,
				E0DF0EF91F950BF600FA8903 /* FollowsController.swift in Sources */,
				1CE7F8B81F99AA2E00AB94DF /* RecommdedHeaderCell.swift in Sources */,
				E08A53BC1FAECF2C00BE52A7 /* LiveRoomController.swift in Sources */,
				E0DF0EFD1F950C5400FA8903 /* BaseViewController.swift in Sources */,
				E0BE00DE1F9CBDA300C67C48 /* RecommendCardModel.swift in Sources */,
				E0F326291F9B4F7B0011A013 /* RecommendLiveCell.swift in Sources */,
				E0DF0EFB1F950C0600FA8903 /* ProfileController.swift in Sources */,
				E0DF0EED1F950B0000FA8903 /* RootTabBarController.swift in Sources */,
				1C43247F1F95B413006C2DEF /* RootTabBar.swift in Sources */,
				1CB245C11F9885C900F92D29 /* SegmentContentView.swift in Sources */,
				1CE7F8B41F99A85800AB94DF /* RecommendHeaderSectionController.swift in Sources */,
				E01315A61F97B59200788A28 /* ScrollSegmentView.swift in Sources */,
				1CB245C71F9889E400F92D29 /* HotGameController.swift in Sources */,
				E0BE00D51F9C700C00C67C48 /* RecommendAdSectionController.swift in Sources */,
				E0DF0EC21F94FE6C00FA8903 /* AppDelegate.swift in Sources */,
				E0DF0EF31F950BB100FA8903 /* HomeController.swift in Sources */,
			);
			runOnlyForDeploymentPostprocessing = 0;
		};
/* End PBXSourcesBuildPhase section */

/* Begin PBXVariantGroup section */
		E0DF0EC51F94FE6C00FA8903 /* Main.storyboard */ = {
			isa = PBXVariantGroup;
			children = (
				E0DF0EC61F94FE6C00FA8903 /* Base */,
			);
			name = Main.storyboard;
			sourceTree = "<group>";
		};
		E0DF0ECA1F94FE6C00FA8903 /* LaunchScreen.storyboard */ = {
			isa = PBXVariantGroup;
			children = (
				E0DF0ECB1F94FE6C00FA8903 /* Base */,
			);
			name = LaunchScreen.storyboard;
			sourceTree = "<group>";
		};
/* End PBXVariantGroup section */

/* Begin XCBuildConfiguration section */
		E0DF0ECE1F94FE6C00FA8903 /* Debug */ = {
			isa = XCBuildConfiguration;
			buildSettings = {
				ALWAYS_SEARCH_USER_PATHS = NO;
				CLANG_ANALYZER_NONNULL = YES;
				CLANG_ANALYZER_NUMBER_OBJECT_CONVERSION = YES_AGGRESSIVE;
				CLANG_CXX_LANGUAGE_STANDARD = "gnu++0x";
				CLANG_CXX_LIBRARY = "libc++";
				CLANG_ENABLE_MODULES = YES;
				CLANG_ENABLE_OBJC_ARC = YES;
				CLANG_WARN_BOOL_CONVERSION = YES;
				CLANG_WARN_CONSTANT_CONVERSION = YES;
				CLANG_WARN_DIRECT_OBJC_ISA_USAGE = YES_ERROR;
				CLANG_WARN_DOCUMENTATION_COMMENTS = YES;
				CLANG_WARN_EMPTY_BODY = YES;
				CLANG_WARN_ENUM_CONVERSION = YES;
				CLANG_WARN_INFINITE_RECURSION = YES;
				CLANG_WARN_INT_CONVERSION = YES;
				CLANG_WARN_OBJC_ROOT_CLASS = YES_ERROR;
				CLANG_WARN_SUSPICIOUS_MOVE = YES;
				CLANG_WARN_UNREACHABLE_CODE = YES;
				CLANG_WARN__DUPLICATE_METHOD_MATCH = YES;
				"CODE_SIGN_IDENTITY[sdk=iphoneos*]" = "iPhone Developer";
				COPY_PHASE_STRIP = NO;
				DEBUG_INFORMATION_FORMAT = dwarf;
				ENABLE_STRICT_OBJC_MSGSEND = YES;
				ENABLE_TESTABILITY = YES;
				GCC_C_LANGUAGE_STANDARD = gnu99;
				GCC_DYNAMIC_NO_PIC = NO;
				GCC_NO_COMMON_BLOCKS = YES;
				GCC_OPTIMIZATION_LEVEL = 0;
				GCC_PREPROCESSOR_DEFINITIONS = (
					"DEBUG=1",
					"$(inherited)",
				);
				GCC_WARN_64_TO_32_BIT_CONVERSION = YES;
				GCC_WARN_ABOUT_RETURN_TYPE = YES_ERROR;
				GCC_WARN_UNDECLARED_SELECTOR = YES;
				GCC_WARN_UNINITIALIZED_AUTOS = YES_AGGRESSIVE;
				GCC_WARN_UNUSED_FUNCTION = YES;
				GCC_WARN_UNUSED_VARIABLE = YES;
				IPHONEOS_DEPLOYMENT_TARGET = 10.3;
				MTL_ENABLE_DEBUG_INFO = YES;
				ONLY_ACTIVE_ARCH = YES;
				SDKROOT = iphoneos;
				SWIFT_ACTIVE_COMPILATION_CONDITIONS = DEBUG;
				SWIFT_OPTIMIZATION_LEVEL = "-Onone";
			};
			name = Debug;
		};
		E0DF0ECF1F94FE6C00FA8903 /* Release */ = {
			isa = XCBuildConfiguration;
			buildSettings = {
				ALWAYS_SEARCH_USER_PATHS = NO;
				CLANG_ANALYZER_NONNULL = YES;
				CLANG_ANALYZER_NUMBER_OBJECT_CONVERSION = YES_AGGRESSIVE;
				CLANG_CXX_LANGUAGE_STANDARD = "gnu++0x";
				CLANG_CXX_LIBRARY = "libc++";
				CLANG_ENABLE_MODULES = YES;
				CLANG_ENABLE_OBJC_ARC = YES;
				CLANG_WARN_BOOL_CONVERSION = YES;
				CLANG_WARN_CONSTANT_CONVERSION = YES;
				CLANG_WARN_DIRECT_OBJC_ISA_USAGE = YES_ERROR;
				CLANG_WARN_DOCUMENTATION_COMMENTS = YES;
				CLANG_WARN_EMPTY_BODY = YES;
				CLANG_WARN_ENUM_CONVERSION = YES;
				CLANG_WARN_INFINITE_RECURSION = YES;
				CLANG_WARN_INT_CONVERSION = YES;
				CLANG_WARN_OBJC_ROOT_CLASS = YES_ERROR;
				CLANG_WARN_SUSPICIOUS_MOVE = YES;
				CLANG_WARN_UNREACHABLE_CODE = YES;
				CLANG_WARN__DUPLICATE_METHOD_MATCH = YES;
				"CODE_SIGN_IDENTITY[sdk=iphoneos*]" = "iPhone Developer";
				COPY_PHASE_STRIP = NO;
				DEBUG_INFORMATION_FORMAT = "dwarf-with-dsym";
				ENABLE_NS_ASSERTIONS = NO;
				ENABLE_STRICT_OBJC_MSGSEND = YES;
				GCC_C_LANGUAGE_STANDARD = gnu99;
				GCC_NO_COMMON_BLOCKS = YES;
				GCC_WARN_64_TO_32_BIT_CONVERSION = YES;
				GCC_WARN_ABOUT_RETURN_TYPE = YES_ERROR;
				GCC_WARN_UNDECLARED_SELECTOR = YES;
				GCC_WARN_UNINITIALIZED_AUTOS = YES_AGGRESSIVE;
				GCC_WARN_UNUSED_FUNCTION = YES;
				GCC_WARN_UNUSED_VARIABLE = YES;
				IPHONEOS_DEPLOYMENT_TARGET = 10.3;
				MTL_ENABLE_DEBUG_INFO = NO;
				SDKROOT = iphoneos;
				SWIFT_OPTIMIZATION_LEVEL = "-Owholemodule";
				VALIDATE_PRODUCT = YES;
			};
			name = Release;
		};
		E0DF0ED11F94FE6C00FA8903 /* Debug */ = {
			isa = XCBuildConfiguration;
			baseConfigurationReference = B1D6979AC0811A63F689C4EA /* Pods-Inke.debug.xcconfig */;
			buildSettings = {
				ASSETCATALOG_COMPILER_APPICON_NAME = AppIcon;
				DEVELOPMENT_TEAM = 3MJY6YCBY9;
				FRAMEWORK_SEARCH_PATHS = (
					"$(inherited)",
					"$(PROJECT_DIR)",
				);
				INFOPLIST_FILE = Inke/Info.plist;
				LD_RUNPATH_SEARCH_PATHS = "$(inherited) @executable_path/Frameworks";
				PRODUCT_BUNDLE_IDENTIFIER = com.biaoge.Inke;
				PRODUCT_NAME = "$(TARGET_NAME)";
				SWIFT_VERSION = 4.0;
			};
			name = Debug;
		};
		E0DF0ED21F94FE6C00FA8903 /* Release */ = {
			isa = XCBuildConfiguration;
			baseConfigurationReference = D9D7930B6B69C6D7487C1A57 /* Pods-Inke.release.xcconfig */;
			buildSettings = {
				ASSETCATALOG_COMPILER_APPICON_NAME = AppIcon;
				DEVELOPMENT_TEAM = 3MJY6YCBY9;
				FRAMEWORK_SEARCH_PATHS = (
					"$(inherited)",
					"$(PROJECT_DIR)",
				);
				INFOPLIST_FILE = Inke/Info.plist;
				LD_RUNPATH_SEARCH_PATHS = "$(inherited) @executable_path/Frameworks";
				PRODUCT_BUNDLE_IDENTIFIER = com.biaoge.Inke;
				PRODUCT_NAME = "$(TARGET_NAME)";
				SWIFT_VERSION = 4.0;
			};
			name = Release;
		};
/* End XCBuildConfiguration section */

/* Begin XCConfigurationList section */
		E0DF0EB91F94FE6C00FA8903 /* Build configuration list for PBXProject "Inke" */ = {
			isa = XCConfigurationList;
			buildConfigurations = (
				E0DF0ECE1F94FE6C00FA8903 /* Debug */,
				E0DF0ECF1F94FE6C00FA8903 /* Release */,
			);
			defaultConfigurationIsVisible = 0;
			defaultConfigurationName = Release;
		};
		E0DF0ED01F94FE6C00FA8903 /* Build configuration list for PBXNativeTarget "Inke" */ = {
			isa = XCConfigurationList;
			buildConfigurations = (
				E0DF0ED11F94FE6C00FA8903 /* Debug */,
				E0DF0ED21F94FE6C00FA8903 /* Release */,
			);
			defaultConfigurationIsVisible = 0;
			defaultConfigurationName = Release;
		};
/* End XCConfigurationList section */
	};
	rootObject = E0DF0EB61F94FE6C00FA8903 /* Project object */;
}
